// !$*UTF8*$!
{
	archiveVersion = 1;
	classes = {
	};
	objectVersion = 56;
	objects = {

/* Begin PBXBuildFile section */
		FC49352829EED8E200FC1428 /* AppDelegate.swift in Sources */ = {isa = PBXBuildFile; fileRef = FC49352729EED8E200FC1428 /* AppDelegate.swift */; };
		FC49352A29EED8E200FC1428 /* SceneDelegate.swift in Sources */ = {isa = PBXBuildFile; fileRef = FC49352929EED8E200FC1428 /* SceneDelegate.swift */; };
		FC49353129EED8E300FC1428 /* Assets.xcassets in Resources */ = {isa = PBXBuildFile; fileRef = FC49353029EED8E300FC1428 /* Assets.xcassets */; };
		FC49353429EED8E300FC1428 /* LaunchScreen.storyboard in Resources */ = {isa = PBXBuildFile; fileRef = FC49353229EED8E300FC1428 /* LaunchScreen.storyboard */; };
		FC49354329EED9E800FC1428 /* MenuPresenter.swift in Sources */ = {isa = PBXBuildFile; fileRef = FC49353C29EED9E800FC1428 /* MenuPresenter.swift */; };
		FC49354429EED9E800FC1428 /* MenuWorker.swift in Sources */ = {isa = PBXBuildFile; fileRef = FC49353D29EED9E800FC1428 /* MenuWorker.swift */; };
		FC49354529EED9E800FC1428 /* MenuRouter.swift in Sources */ = {isa = PBXBuildFile; fileRef = FC49353E29EED9E800FC1428 /* MenuRouter.swift */; };
		FC49354629EED9E800FC1428 /* MenuModels.swift in Sources */ = {isa = PBXBuildFile; fileRef = FC49353F29EED9E800FC1428 /* MenuModels.swift */; };
		FC49354729EED9E800FC1428 /* MenuViewController.swift in Sources */ = {isa = PBXBuildFile; fileRef = FC49354029EED9E800FC1428 /* MenuViewController.swift */; };
		FC49354829EED9E800FC1428 /* MenuInteractor.swift in Sources */ = {isa = PBXBuildFile; fileRef = FC49354129EED9E800FC1428 /* MenuInteractor.swift */; };
		FC49354C29EEDD9900FC1428 /* TabBarController.swift in Sources */ = {isa = PBXBuildFile; fileRef = FC49354B29EEDD9900FC1428 /* TabBarController.swift */; };
		FC49354E29EEDF9F00FC1428 /* ContactsViewController.swift in Sources */ = {isa = PBXBuildFile; fileRef = FC49354D29EEDF9F00FC1428 /* ContactsViewController.swift */; };
		FC49355029EEDFB400FC1428 /* ProfileViewController.swift in Sources */ = {isa = PBXBuildFile; fileRef = FC49354F29EEDFB400FC1428 /* ProfileViewController.swift */; };
		FC49355229EEDFD300FC1428 /* CartViewController.swift in Sources */ = {isa = PBXBuildFile; fileRef = FC49355129EEDFD300FC1428 /* CartViewController.swift */; };
		FC49355529EEEFA000FC1428 /* CategoryTableViewHeader.swift in Sources */ = {isa = PBXBuildFile; fileRef = FC49355429EEEFA000FC1428 /* CategoryTableViewHeader.swift */; };
		FC49355929EFE84B00FC1428 /* MenuCell.swift in Sources */ = {isa = PBXBuildFile; fileRef = FC49355829EFE84B00FC1428 /* MenuCell.swift */; };
		FC49356029EFEE9500FC1428 /* MenuItem.swift in Sources */ = {isa = PBXBuildFile; fileRef = FC49355F29EFEE9500FC1428 /* MenuItem.swift */; };
		FC49356329EFEF5200FC1428 /* Category.swift in Sources */ = {isa = PBXBuildFile; fileRef = FC49356229EFEF5200FC1428 /* Category.swift */; };
		FC49356629EFF01A00FC1428 /* NetworkManager.swift in Sources */ = {isa = PBXBuildFile; fileRef = FC49356529EFF01A00FC1428 /* NetworkManager.swift */; };
		FC49356929EFFCBC00FC1428 /* NetworkDataFetcher.swift in Sources */ = {isa = PBXBuildFile; fileRef = FC49356829EFFCBC00FC1428 /* NetworkDataFetcher.swift */; };
		FC49356B29F0150F00FC1428 /* Banner.swift in Sources */ = {isa = PBXBuildFile; fileRef = FC49356A29F0150F00FC1428 /* Banner.swift */; };
		FC49356D29F03E9500FC1428 /* ImageManager.swift in Sources */ = {isa = PBXBuildFile; fileRef = FC49356C29F03E9500FC1428 /* ImageManager.swift */; };
		FC9533EF29F1242B009C4DDA /* BannerTableViewCell.swift in Sources */ = {isa = PBXBuildFile; fileRef = FC9533EE29F1242B009C4DDA /* BannerTableViewCell.swift */; };
		FC9533F129F1294A009C4DDA /* ImageCollectionViewCell.swift in Sources */ = {isa = PBXBuildFile; fileRef = FC9533F029F1294A009C4DDA /* ImageCollectionViewCell.swift */; };
		FCBA8CDC29F6880600509439 /* ItemDetailsPresenter.swift in Sources */ = {isa = PBXBuildFile; fileRef = FCBA8CD629F6880600509439 /* ItemDetailsPresenter.swift */; };
		FCBA8CDD29F6880600509439 /* ItemDetailsWorker.swift in Sources */ = {isa = PBXBuildFile; fileRef = FCBA8CD729F6880600509439 /* ItemDetailsWorker.swift */; };
		FCBA8CDE29F6880600509439 /* ItemDetailsRouter.swift in Sources */ = {isa = PBXBuildFile; fileRef = FCBA8CD829F6880600509439 /* ItemDetailsRouter.swift */; };
		FCBA8CDF29F6880600509439 /* ItemDetailsModels.swift in Sources */ = {isa = PBXBuildFile; fileRef = FCBA8CD929F6880600509439 /* ItemDetailsModels.swift */; };
		FCBA8CE029F6880600509439 /* ItemDetailsViewController.swift in Sources */ = {isa = PBXBuildFile; fileRef = FCBA8CDA29F6880600509439 /* ItemDetailsViewController.swift */; };
		FCBA8CE129F6880600509439 /* ItemDetailsInteractor.swift in Sources */ = {isa = PBXBuildFile; fileRef = FCBA8CDB29F6880600509439 /* ItemDetailsInteractor.swift */; };
/* End PBXBuildFile section */

/* Begin PBXFileReference section */
		FC49352429EED8E200FC1428 /* InternetShop.app */ = {isa = PBXFileReference; explicitFileType = wrapper.application; includeInIndex = 0; path = InternetShop.app; sourceTree = BUILT_PRODUCTS_DIR; };
		FC49352729EED8E200FC1428 /* AppDelegate.swift */ = {isa = PBXFileReference; lastKnownFileType = sourcecode.swift; path = AppDelegate.swift; sourceTree = "<group>"; };
		FC49352929EED8E200FC1428 /* SceneDelegate.swift */ = {isa = PBXFileReference; lastKnownFileType = sourcecode.swift; path = SceneDelegate.swift; sourceTree = "<group>"; };
		FC49353029EED8E300FC1428 /* Assets.xcassets */ = {isa = PBXFileReference; lastKnownFileType = folder.assetcatalog; path = Assets.xcassets; sourceTree = "<group>"; };
		FC49353329EED8E300FC1428 /* Base */ = {isa = PBXFileReference; lastKnownFileType = file.storyboard; name = Base; path = Base.lproj/LaunchScreen.storyboard; sourceTree = "<group>"; };
		FC49353529EED8E300FC1428 /* Info.plist */ = {isa = PBXFileReference; lastKnownFileType = text.plist.xml; path = Info.plist; sourceTree = "<group>"; };
		FC49353C29EED9E800FC1428 /* MenuPresenter.swift */ = {isa = PBXFileReference; lastKnownFileType = sourcecode.swift; path = MenuPresenter.swift; sourceTree = "<group>"; };
		FC49353D29EED9E800FC1428 /* MenuWorker.swift */ = {isa = PBXFileReference; lastKnownFileType = sourcecode.swift; path = MenuWorker.swift; sourceTree = "<group>"; };
		FC49353E29EED9E800FC1428 /* MenuRouter.swift */ = {isa = PBXFileReference; lastKnownFileType = sourcecode.swift; path = MenuRouter.swift; sourceTree = "<group>"; };
		FC49353F29EED9E800FC1428 /* MenuModels.swift */ = {isa = PBXFileReference; lastKnownFileType = sourcecode.swift; path = MenuModels.swift; sourceTree = "<group>"; };
		FC49354029EED9E800FC1428 /* MenuViewController.swift */ = {isa = PBXFileReference; lastKnownFileType = sourcecode.swift; path = MenuViewController.swift; sourceTree = "<group>"; };
		FC49354129EED9E800FC1428 /* MenuInteractor.swift */ = {isa = PBXFileReference; lastKnownFileType = sourcecode.swift; path = MenuInteractor.swift; sourceTree = "<group>"; };
		FC49354B29EEDD9900FC1428 /* TabBarController.swift */ = {isa = PBXFileReference; lastKnownFileType = sourcecode.swift; path = TabBarController.swift; sourceTree = "<group>"; };
		FC49354D29EEDF9F00FC1428 /* ContactsViewController.swift */ = {isa = PBXFileReference; lastKnownFileType = sourcecode.swift; path = ContactsViewController.swift; sourceTree = "<group>"; };
		FC49354F29EEDFB400FC1428 /* ProfileViewController.swift */ = {isa = PBXFileReference; lastKnownFileType = sourcecode.swift; path = ProfileViewController.swift; sourceTree = "<group>"; };
		FC49355129EEDFD300FC1428 /* CartViewController.swift */ = {isa = PBXFileReference; lastKnownFileType = sourcecode.swift; path = CartViewController.swift; sourceTree = "<group>"; };
		FC49355429EEEFA000FC1428 /* CategoryTableViewHeader.swift */ = {isa = PBXFileReference; lastKnownFileType = sourcecode.swift; path = CategoryTableViewHeader.swift; sourceTree = "<group>"; };
		FC49355829EFE84B00FC1428 /* MenuCell.swift */ = {isa = PBXFileReference; lastKnownFileType = sourcecode.swift; path = MenuCell.swift; sourceTree = "<group>"; };
		FC49355F29EFEE9500FC1428 /* MenuItem.swift */ = {isa = PBXFileReference; lastKnownFileType = sourcecode.swift; path = MenuItem.swift; sourceTree = "<group>"; };
		FC49356229EFEF5200FC1428 /* Category.swift */ = {isa = PBXFileReference; lastKnownFileType = sourcecode.swift; path = Category.swift; sourceTree = "<group>"; };
		FC49356529EFF01A00FC1428 /* NetworkManager.swift */ = {isa = PBXFileReference; lastKnownFileType = sourcecode.swift; path = NetworkManager.swift; sourceTree = "<group>"; };
		FC49356829EFFCBC00FC1428 /* NetworkDataFetcher.swift */ = {isa = PBXFileReference; lastKnownFileType = sourcecode.swift; path = NetworkDataFetcher.swift; sourceTree = "<group>"; };
		FC49356A29F0150F00FC1428 /* Banner.swift */ = {isa = PBXFileReference; lastKnownFileType = sourcecode.swift; path = Banner.swift; sourceTree = "<group>"; };
		FC49356C29F03E9500FC1428 /* ImageManager.swift */ = {isa = PBXFileReference; lastKnownFileType = sourcecode.swift; path = ImageManager.swift; sourceTree = "<group>"; };
		FC9533EE29F1242B009C4DDA /* BannerTableViewCell.swift */ = {isa = PBXFileReference; lastKnownFileType = sourcecode.swift; path = BannerTableViewCell.swift; sourceTree = "<group>"; };
		FC9533F029F1294A009C4DDA /* ImageCollectionViewCell.swift */ = {isa = PBXFileReference; lastKnownFileType = sourcecode.swift; path = ImageCollectionViewCell.swift; sourceTree = "<group>"; };
		FCBA8CD629F6880600509439 /* ItemDetailsPresenter.swift */ = {isa = PBXFileReference; lastKnownFileType = sourcecode.swift; path = ItemDetailsPresenter.swift; sourceTree = "<group>"; };
		FCBA8CD729F6880600509439 /* ItemDetailsWorker.swift */ = {isa = PBXFileReference; lastKnownFileType = sourcecode.swift; path = ItemDetailsWorker.swift; sourceTree = "<group>"; };
		FCBA8CD829F6880600509439 /* ItemDetailsRouter.swift */ = {isa = PBXFileReference; lastKnownFileType = sourcecode.swift; path = ItemDetailsRouter.swift; sourceTree = "<group>"; };
		FCBA8CD929F6880600509439 /* ItemDetailsModels.swift */ = {isa = PBXFileReference; lastKnownFileType = sourcecode.swift; path = ItemDetailsModels.swift; sourceTree = "<group>"; };
		FCBA8CDA29F6880600509439 /* ItemDetailsViewController.swift */ = {isa = PBXFileReference; lastKnownFileType = sourcecode.swift; path = ItemDetailsViewController.swift; sourceTree = "<group>"; };
		FCBA8CDB29F6880600509439 /* ItemDetailsInteractor.swift */ = {isa = PBXFileReference; lastKnownFileType = sourcecode.swift; path = ItemDetailsInteractor.swift; sourceTree = "<group>"; };
/* End PBXFileReference section */

/* Begin PBXFrameworksBuildPhase section */
		FC49352129EED8E200FC1428 /* Frameworks */ = {
			isa = PBXFrameworksBuildPhase;
			buildActionMask = 2147483647;
			files = (
			);
			runOnlyForDeploymentPostprocessing = 0;
		};
/* End PBXFrameworksBuildPhase section */

/* Begin PBXGroup section */
		FC49351B29EED8E200FC1428 = {
			isa = PBXGroup;
			children = (
				FC49352629EED8E200FC1428 /* InternetShop */,
				FC49352529EED8E200FC1428 /* Products */,
			);
			sourceTree = "<group>";
		};
		FC49352529EED8E200FC1428 /* Products */ = {
			isa = PBXGroup;
			children = (
				FC49352429EED8E200FC1428 /* InternetShop.app */,
			);
			name = Products;
			sourceTree = "<group>";
		};
		FC49352629EED8E200FC1428 /* InternetShop */ = {
			isa = PBXGroup;
			children = (
				FC49354A29EED9F900FC1428 /* App */,
				FC49356429EFEFAA00FC1428 /* Services */,
				FC49356129EFEE9A00FC1428 /* Model */,
				FC49355A29EFEC8E00FC1428 /* Scenes */,
				FC49353029EED8E300FC1428 /* Assets.xcassets */,
				FC49353229EED8E300FC1428 /* LaunchScreen.storyboard */,
				FC49353529EED8E300FC1428 /* Info.plist */,
			);
			path = InternetShop;
			sourceTree = "<group>";
		};
		FC49353B29EED9AD00FC1428 /* Menu */ = {
			isa = PBXGroup;
			children = (
				FC9533EC29F08042009C4DDA /* BannerCell */,
				FC49355329EEEE5D00FC1428 /* CategoriesHeader */,
				FC9533ED29F0806B009C4DDA /* MenuCell */,
				FCBA8CD529F687A700509439 /* DetailsView */,
				FC49354029EED9E800FC1428 /* MenuViewController.swift */,
				FC49354129EED9E800FC1428 /* MenuInteractor.swift */,
				FC49353C29EED9E800FC1428 /* MenuPresenter.swift */,
				FC49353F29EED9E800FC1428 /* MenuModels.swift */,
				FC49353D29EED9E800FC1428 /* MenuWorker.swift */,
				FC49353E29EED9E800FC1428 /* MenuRouter.swift */,
			);
			path = Menu;
			sourceTree = "<group>";
		};
		FC49354A29EED9F900FC1428 /* App */ = {
			isa = PBXGroup;
			children = (
				FC49352729EED8E200FC1428 /* AppDelegate.swift */,
				FC49352929EED8E200FC1428 /* SceneDelegate.swift */,
			);
			path = App;
			sourceTree = "<group>";
		};
		FC49355329EEEE5D00FC1428 /* CategoriesHeader */ = {
			isa = PBXGroup;
			children = (
				FC49355429EEEFA000FC1428 /* CategoryTableViewHeader.swift */,
			);
			path = CategoriesHeader;
			sourceTree = "<group>";
		};
		FC49355A29EFEC8E00FC1428 /* Scenes */ = {
			isa = PBXGroup;
			children = (
				FC49355E29EFED4A00FC1428 /* TabBar */,
				FC49353B29EED9AD00FC1428 /* Menu */,
				FC49355B29EFECFC00FC1428 /* Contacts */,
				FC49355D29EFED2B00FC1428 /* Cart */,
				FC49355C29EFED0C00FC1428 /* Profile */,
			);
			path = Scenes;
			sourceTree = "<group>";
		};
		FC49355B29EFECFC00FC1428 /* Contacts */ = {
			isa = PBXGroup;
			children = (
				FC49354D29EEDF9F00FC1428 /* ContactsViewController.swift */,
			);
			path = Contacts;
			sourceTree = "<group>";
		};
		FC49355C29EFED0C00FC1428 /* Profile */ = {
			isa = PBXGroup;
			children = (
				FC49354F29EEDFB400FC1428 /* ProfileViewController.swift */,
			);
			path = Profile;
			sourceTree = "<group>";
		};
		FC49355D29EFED2B00FC1428 /* Cart */ = {
			isa = PBXGroup;
			children = (
				FC49355129EEDFD300FC1428 /* CartViewController.swift */,
			);
			path = Cart;
			sourceTree = "<group>";
		};
		FC49355E29EFED4A00FC1428 /* TabBar */ = {
			isa = PBXGroup;
			children = (
				FC49354B29EEDD9900FC1428 /* TabBarController.swift */,
			);
			path = TabBar;
			sourceTree = "<group>";
		};
		FC49356129EFEE9A00FC1428 /* Model */ = {
			isa = PBXGroup;
			children = (
				FC49355F29EFEE9500FC1428 /* MenuItem.swift */,
				FC49356229EFEF5200FC1428 /* Category.swift */,
				FC49356A29F0150F00FC1428 /* Banner.swift */,
			);
			path = Model;
			sourceTree = "<group>";
		};
		FC49356429EFEFAA00FC1428 /* Services */ = {
			isa = PBXGroup;
			children = (
				FC49356529EFF01A00FC1428 /* NetworkManager.swift */,
				FC49356829EFFCBC00FC1428 /* NetworkDataFetcher.swift */,
				FC49356C29F03E9500FC1428 /* ImageManager.swift */,
			);
			path = Services;
			sourceTree = "<group>";
		};
		FC9533EC29F08042009C4DDA /* BannerCell */ = {
			isa = PBXGroup;
			children = (
				FC9533EE29F1242B009C4DDA /* BannerTableViewCell.swift */,
				FC9533F029F1294A009C4DDA /* ImageCollectionViewCell.swift */,
			);
			path = BannerCell;
			sourceTree = "<group>";
		};
		FC9533ED29F0806B009C4DDA /* MenuCell */ = {
			isa = PBXGroup;
			children = (
				FC49355829EFE84B00FC1428 /* MenuCell.swift */,
			);
			path = MenuCell;
			sourceTree = "<group>";
		};
		FCBA8CD529F687A700509439 /* DetailsView */ = {
			isa = PBXGroup;
			children = (
				FCBA8CDA29F6880600509439 /* ItemDetailsViewController.swift */,
				FCBA8CDB29F6880600509439 /* ItemDetailsInteractor.swift */,
				FCBA8CD629F6880600509439 /* ItemDetailsPresenter.swift */,
				FCBA8CD729F6880600509439 /* ItemDetailsWorker.swift */,
				FCBA8CD829F6880600509439 /* ItemDetailsRouter.swift */,
				FCBA8CD929F6880600509439 /* ItemDetailsModels.swift */,
			);
			path = DetailsView;
			sourceTree = "<group>";
		};
/* End PBXGroup section */

/* Begin PBXNativeTarget section */
		FC49352329EED8E200FC1428 /* InternetShop */ = {
			isa = PBXNativeTarget;
			buildConfigurationList = FC49353829EED8E300FC1428 /* Build configuration list for PBXNativeTarget "InternetShop" */;
			buildPhases = (
				FC49352029EED8E200FC1428 /* Sources */,
				FC49352129EED8E200FC1428 /* Frameworks */,
				FC49352229EED8E200FC1428 /* Resources */,
			);
			buildRules = (
			);
			dependencies = (
			);
			name = InternetShop;
			productName = InternetShop;
			productReference = FC49352429EED8E200FC1428 /* InternetShop.app */;
			productType = "com.apple.product-type.application";
		};
/* End PBXNativeTarget section */

/* Begin PBXProject section */
		FC49351C29EED8E200FC1428 /* Project object */ = {
			isa = PBXProject;
			attributes = {
				BuildIndependentTargetsInParallel = 1;
				LastSwiftUpdateCheck = 1420;
				LastUpgradeCheck = 1420;
				TargetAttributes = {
					FC49352329EED8E200FC1428 = {
						CreatedOnToolsVersion = 14.2;
					};
				};
			};
			buildConfigurationList = FC49351F29EED8E200FC1428 /* Build configuration list for PBXProject "InternetShop" */;
			compatibilityVersion = "Xcode 14.0";
			developmentRegion = en;
			hasScannedForEncodings = 0;
			knownRegions = (
				en,
				Base,
			);
			mainGroup = FC49351B29EED8E200FC1428;
			productRefGroup = FC49352529EED8E200FC1428 /* Products */;
			projectDirPath = "";
			projectRoot = "";
			targets = (
				FC49352329EED8E200FC1428 /* InternetShop */,
			);
		};
/* End PBXProject section */

/* Begin PBXResourcesBuildPhase section */
		FC49352229EED8E200FC1428 /* Resources */ = {
			isa = PBXResourcesBuildPhase;
			buildActionMask = 2147483647;
			files = (
				FC49353429EED8E300FC1428 /* LaunchScreen.storyboard in Resources */,
				FC49353129EED8E300FC1428 /* Assets.xcassets in Resources */,
			);
			runOnlyForDeploymentPostprocessing = 0;
		};
/* End PBXResourcesBuildPhase section */

/* Begin PBXSourcesBuildPhase section */
		FC49352029EED8E200FC1428 /* Sources */ = {
			isa = PBXSourcesBuildPhase;
			buildActionMask = 2147483647;
			files = (
				FC49356629EFF01A00FC1428 /* NetworkManager.swift in Sources */,
				FCBA8CDD29F6880600509439 /* ItemDetailsWorker.swift in Sources */,
				FCBA8CE029F6880600509439 /* ItemDetailsViewController.swift in Sources */,
				FC49354829EED9E800FC1428 /* MenuInteractor.swift in Sources */,
				FC9533F129F1294A009C4DDA /* ImageCollectionViewCell.swift in Sources */,
				FC49354E29EEDF9F00FC1428 /* ContactsViewController.swift in Sources */,
				FCBA8CDF29F6880600509439 /* ItemDetailsModels.swift in Sources */,
				FC49356B29F0150F00FC1428 /* Banner.swift in Sources */,
				FC49352829EED8E200FC1428 /* AppDelegate.swift in Sources */,
				FCBA8CDE29F6880600509439 /* ItemDetailsRouter.swift in Sources */,
				FC49354C29EEDD9900FC1428 /* TabBarController.swift in Sources */,
				FC49354429EED9E800FC1428 /* MenuWorker.swift in Sources */,
				FC49356929EFFCBC00FC1428 /* NetworkDataFetcher.swift in Sources */,
				FC49356D29F03E9500FC1428 /* ImageManager.swift in Sources */,
				FC49355229EEDFD300FC1428 /* CartViewController.swift in Sources */,
				FCBA8CDC29F6880600509439 /* ItemDetailsPresenter.swift in Sources */,
				FC9533EF29F1242B009C4DDA /* BannerTableViewCell.swift in Sources */,
				FC49355029EEDFB400FC1428 /* ProfileViewController.swift in Sources */,
				FC49352A29EED8E200FC1428 /* SceneDelegate.swift in Sources */,
				FC49354329EED9E800FC1428 /* MenuPresenter.swift in Sources */,
				FC49355529EEEFA000FC1428 /* CategoryTableViewHeader.swift in Sources */,
				FC49356329EFEF5200FC1428 /* Category.swift in Sources */,
				FC49354629EED9E800FC1428 /* MenuModels.swift in Sources */,
				FC49354529EED9E800FC1428 /* MenuRouter.swift in Sources */,
				FC49354729EED9E800FC1428 /* MenuViewController.swift in Sources */,
				FC49356029EFEE9500FC1428 /* MenuItem.swift in Sources */,
				FCBA8CE129F6880600509439 /* ItemDetailsInteractor.swift in Sources */,
				FC49355929EFE84B00FC1428 /* MenuCell.swift in Sources */,
			);
			runOnlyForDeploymentPostprocessing = 0;
		};
/* End PBXSourcesBuildPhase section */

/* Begin PBXVariantGroup section */
		FC49353229EED8E300FC1428 /* LaunchScreen.storyboard */ = {
			isa = PBXVariantGroup;
			children = (
				FC49353329EED8E300FC1428 /* Base */,
			);
			name = LaunchScreen.storyboard;
			sourceTree = "<group>";
		};
/* End PBXVariantGroup section */

/* Begin XCBuildConfiguration section */
		FC49353629EED8E300FC1428 /* Debug */ = {
			isa = XCBuildConfiguration;
			buildSettings = {
				ALWAYS_SEARCH_USER_PATHS = NO;
				CLANG_ANALYZER_NONNULL = YES;
				CLANG_ANALYZER_NUMBER_OBJECT_CONVERSION = YES_AGGRESSIVE;
				CLANG_CXX_LANGUAGE_STANDARD = "gnu++20";
				CLANG_ENABLE_MODULES = YES;
				CLANG_ENABLE_OBJC_ARC = YES;
				CLANG_ENABLE_OBJC_WEAK = YES;
				CLANG_WARN_BLOCK_CAPTURE_AUTORELEASING = YES;
				CLANG_WARN_BOOL_CONVERSION = YES;
				CLANG_WARN_COMMA = YES;
				CLANG_WARN_CONSTANT_CONVERSION = YES;
				CLANG_WARN_DEPRECATED_OBJC_IMPLEMENTATIONS = YES;
				CLANG_WARN_DIRECT_OBJC_ISA_USAGE = YES_ERROR;
				CLANG_WARN_DOCUMENTATION_COMMENTS = YES;
				CLANG_WARN_EMPTY_BODY = YES;
				CLANG_WARN_ENUM_CONVERSION = YES;
				CLANG_WARN_INFINITE_RECURSION = YES;
				CLANG_WARN_INT_CONVERSION = YES;
				CLANG_WARN_NON_LITERAL_NULL_CONVERSION = YES;
				CLANG_WARN_OBJC_IMPLICIT_RETAIN_SELF = YES;
				CLANG_WARN_OBJC_LITERAL_CONVERSION = YES;
				CLANG_WARN_OBJC_ROOT_CLASS = YES_ERROR;
				CLANG_WARN_QUOTED_INCLUDE_IN_FRAMEWORK_HEADER = YES;
				CLANG_WARN_RANGE_LOOP_ANALYSIS = YES;
				CLANG_WARN_STRICT_PROTOTYPES = YES;
				CLANG_WARN_SUSPICIOUS_MOVE = YES;
				CLANG_WARN_UNGUARDED_AVAILABILITY = YES_AGGRESSIVE;
				CLANG_WARN_UNREACHABLE_CODE = YES;
				CLANG_WARN__DUPLICATE_METHOD_MATCH = YES;
				COPY_PHASE_STRIP = NO;
				DEBUG_INFORMATION_FORMAT = dwarf;
				ENABLE_STRICT_OBJC_MSGSEND = YES;
				ENABLE_TESTABILITY = YES;
				GCC_C_LANGUAGE_STANDARD = gnu11;
				GCC_DYNAMIC_NO_PIC = NO;
				GCC_NO_COMMON_BLOCKS = YES;
				GCC_OPTIMIZATION_LEVEL = 0;
				GCC_PREPROCESSOR_DEFINITIONS = (
					"DEBUG=1",
					"$(inherited)",
				);
				GCC_WARN_64_TO_32_BIT_CONVERSION = YES;
				GCC_WARN_ABOUT_RETURN_TYPE = YES_ERROR;
				GCC_WARN_UNDECLARED_SELECTOR = YES;
				GCC_WARN_UNINITIALIZED_AUTOS = YES_AGGRESSIVE;
				GCC_WARN_UNUSED_FUNCTION = YES;
				GCC_WARN_UNUSED_VARIABLE = YES;
				IPHONEOS_DEPLOYMENT_TARGET = 16.2;
				MTL_ENABLE_DEBUG_INFO = INCLUDE_SOURCE;
				MTL_FAST_MATH = YES;
				ONLY_ACTIVE_ARCH = YES;
				SDKROOT = iphoneos;
				SWIFT_ACTIVE_COMPILATION_CONDITIONS = DEBUG;
				SWIFT_OPTIMIZATION_LEVEL = "-Onone";
			};
			name = Debug;
		};
		FC49353729EED8E300FC1428 /* Release */ = {
			isa = XCBuildConfiguration;
			buildSettings = {
				ALWAYS_SEARCH_USER_PATHS = NO;
				CLANG_ANALYZER_NONNULL = YES;
				CLANG_ANALYZER_NUMBER_OBJECT_CONVERSION = YES_AGGRESSIVE;
				CLANG_CXX_LANGUAGE_STANDARD = "gnu++20";
				CLANG_ENABLE_MODULES = YES;
				CLANG_ENABLE_OBJC_ARC = YES;
				CLANG_ENABLE_OBJC_WEAK = YES;
				CLANG_WARN_BLOCK_CAPTURE_AUTORELEASING = YES;
				CLANG_WARN_BOOL_CONVERSION = YES;
				CLANG_WARN_COMMA = YES;
				CLANG_WARN_CONSTANT_CONVERSION = YES;
				CLANG_WARN_DEPRECATED_OBJC_IMPLEMENTATIONS = YES;
				CLANG_WARN_DIRECT_OBJC_ISA_USAGE = YES_ERROR;
				CLANG_WARN_DOCUMENTATION_COMMENTS = YES;
				CLANG_WARN_EMPTY_BODY = YES;
				CLANG_WARN_ENUM_CONVERSION = YES;
				CLANG_WARN_INFINITE_RECURSION = YES;
				CLANG_WARN_INT_CONVERSION = YES;
				CLANG_WARN_NON_LITERAL_NULL_CONVERSION = YES;
				CLANG_WARN_OBJC_IMPLICIT_RETAIN_SELF = YES;
				CLANG_WARN_OBJC_LITERAL_CONVERSION = YES;
				CLANG_WARN_OBJC_ROOT_CLASS = YES_ERROR;
				CLANG_WARN_QUOTED_INCLUDE_IN_FRAMEWORK_HEADER = YES;
				CLANG_WARN_RANGE_LOOP_ANALYSIS = YES;
				CLANG_WARN_STRICT_PROTOTYPES = YES;
				CLANG_WARN_SUSPICIOUS_MOVE = YES;
				CLANG_WARN_UNGUARDED_AVAILABILITY = YES_AGGRESSIVE;
				CLANG_WARN_UNREACHABLE_CODE = YES;
				CLANG_WARN__DUPLICATE_METHOD_MATCH = YES;
				COPY_PHASE_STRIP = NO;
				DEBUG_INFORMATION_FORMAT = "dwarf-with-dsym";
				ENABLE_NS_ASSERTIONS = NO;
				ENABLE_STRICT_OBJC_MSGSEND = YES;
				GCC_C_LANGUAGE_STANDARD = gnu11;
				GCC_NO_COMMON_BLOCKS = YES;
				GCC_WARN_64_TO_32_BIT_CONVERSION = YES;
				GCC_WARN_ABOUT_RETURN_TYPE = YES_ERROR;
				GCC_WARN_UNDECLARED_SELECTOR = YES;
				GCC_WARN_UNINITIALIZED_AUTOS = YES_AGGRESSIVE;
				GCC_WARN_UNUSED_FUNCTION = YES;
				GCC_WARN_UNUSED_VARIABLE = YES;
				IPHONEOS_DEPLOYMENT_TARGET = 16.2;
				MTL_ENABLE_DEBUG_INFO = NO;
				MTL_FAST_MATH = YES;
				SDKROOT = iphoneos;
				SWIFT_COMPILATION_MODE = wholemodule;
				SWIFT_OPTIMIZATION_LEVEL = "-O";
				VALIDATE_PRODUCT = YES;
			};
			name = Release;
		};
		FC49353929EED8E300FC1428 /* Debug */ = {
			isa = XCBuildConfiguration;
			buildSettings = {
				ASSETCATALOG_COMPILER_APPICON_NAME = AppIcon;
				ASSETCATALOG_COMPILER_GLOBAL_ACCENT_COLOR_NAME = AccentColor;
				CODE_SIGN_STYLE = Automatic;
				CURRENT_PROJECT_VERSION = 1;
				DEVELOPMENT_TEAM = 527U829H6E;
				GENERATE_INFOPLIST_FILE = YES;
				INFOPLIST_FILE = InternetShop/Info.plist;
				INFOPLIST_KEY_UIApplicationSupportsIndirectInputEvents = YES;
				INFOPLIST_KEY_UILaunchStoryboardName = LaunchScreen;
				INFOPLIST_KEY_UISupportedInterfaceOrientations_iPad = "UIInterfaceOrientationPortrait UIInterfaceOrientationPortraitUpsideDown UIInterfaceOrientationLandscapeLeft UIInterfaceOrientationLandscapeRight";
				INFOPLIST_KEY_UISupportedInterfaceOrientations_iPhone = "UIInterfaceOrientationPortrait UIInterfaceOrientationLandscapeLeft UIInterfaceOrientationLandscapeRight";
				IPHONEOS_DEPLOYMENT_TARGET = 16.0;
				LD_RUNPATH_SEARCH_PATHS = (
					"$(inherited)",
					"@executable_path/Frameworks",
				);
				MARKETING_VERSION = 1.0;
				PRODUCT_BUNDLE_IDENTIFIER = AlexKolch.InternetShop;
				PRODUCT_NAME = "$(TARGET_NAME)";
				SWIFT_EMIT_LOC_STRINGS = YES;
				SWIFT_VERSION = 5.0;
				TARGETED_DEVICE_FAMILY = "1,2";
			};
			name = Debug;
		};
		FC49353A29EED8E300FC1428 /* Release */ = {
			isa = XCBuildConfiguration;
			buildSettings = {
				ASSETCATALOG_COMPILER_APPICON_NAME = AppIcon;
				ASSETCATALOG_COMPILER_GLOBAL_ACCENT_COLOR_NAME = AccentColor;
				CODE_SIGN_STYLE = Automatic;
				CURRENT_PROJECT_VERSION = 1;
				DEVELOPMENT_TEAM = 527U829H6E;
				GENERATE_INFOPLIST_FILE = YES;
				INFOPLIST_FILE = InternetShop/Info.plist;
				INFOPLIST_KEY_UIApplicationSupportsIndirectInputEvents = YES;
				INFOPLIST_KEY_UILaunchStoryboardName = LaunchScreen;
				INFOPLIST_KEY_UISupportedInterfaceOrientations_iPad = "UIInterfaceOrientationPortrait UIInterfaceOrientationPortraitUpsideDown UIInterfaceOrientationLandscapeLeft UIInterfaceOrientationLandscapeRight";
				INFOPLIST_KEY_UISupportedInterfaceOrientations_iPhone = "UIInterfaceOrientationPortrait UIInterfaceOrientationLandscapeLeft UIInterfaceOrientationLandscapeRight";
				IPHONEOS_DEPLOYMENT_TARGET = 16.0;
				LD_RUNPATH_SEARCH_PATHS = (
					"$(inherited)",
					"@executable_path/Frameworks",
				);
				MARKETING_VERSION = 1.0;
				PRODUCT_BUNDLE_IDENTIFIER = AlexKolch.InternetShop;
				PRODUCT_NAME = "$(TARGET_NAME)";
				SWIFT_EMIT_LOC_STRINGS = YES;
				SWIFT_VERSION = 5.0;
				TARGETED_DEVICE_FAMILY = "1,2";
			};
			name = Release;
		};
/* End XCBuildConfiguration section */

/* Begin XCConfigurationList section */
		FC49351F29EED8E200FC1428 /* Build configuration list for PBXProject "InternetShop" */ = {
			isa = XCConfigurationList;
			buildConfigurations = (
				FC49353629EED8E300FC1428 /* Debug */,
				FC49353729EED8E300FC1428 /* Release */,
			);
			defaultConfigurationIsVisible = 0;
			defaultConfigurationName = Release;
		};
		FC49353829EED8E300FC1428 /* Build configuration list for PBXNativeTarget "InternetShop" */ = {
			isa = XCConfigurationList;
			buildConfigurations = (
				FC49353929EED8E300FC1428 /* Debug */,
				FC49353A29EED8E300FC1428 /* Release */,
			);
			defaultConfigurationIsVisible = 0;
			defaultConfigurationName = Release;
		};
/* End XCConfigurationList section */
	};
	rootObject = FC49351C29EED8E200FC1428 /* Project object */;
}
